
Microsoft Visual Studio Solution File, Format Version 12.00
# Visual Studio 14
VisualStudioVersion = 14.0.25123.0
MinimumVisualStudioVersion = 10.0.40219.1
Project("{2150E333-8FDC-42A3-9474-1A3956D46DE8}") = "Source", "Source", "{7C1483C6-6E36-49F8-A7B3-6CD3F4E14D3F}"
EndProject
Project("{2150E333-8FDC-42A3-9474-1A3956D46DE8}") = "Clients", "Clients", "{9A03B269-F505-43DF-8D8D-AC964CF44B5D}"
EndProject
Project("{FAE04EC0-301F-11D3-BF4B-00C04F79EFBC}") = "Client.Blackhawk", "Client.Blackhawk\Client.Blackhawk.csproj", "{9D7496F9-162C-4BC4-A4A8-B43686C75E39}"
EndProject
Project("{FAE04EC0-301F-11D3-BF4B-00C04F79EFBC}") = "Client.Champion", "Client.Champion\Client.Champion.csproj", "{6584F48F-1424-4AC8-BC7A-A25E8E81A360}"
EndProject
Project("{FAE04EC0-301F-11D3-BF4B-00C04F79EFBC}") = "StatelessCheckout.Api", "StatelessCheckout.Api\StatelessCheckout.Api.csproj", "{C06DF2D7-2B56-46D8-929C-587C0F730C23}"
EndProject
Project("{FAE04EC0-301F-11D3-BF4B-00C04F79EFBC}") = "StatelessCheckout.Api.Tests", "StatelessCheckout.Api.Tests\StatelessCheckout.Api.Tests.csproj", "{49CE7815-1B46-4228-9AB4-26B850D44865}"
EndProject
Global
	GlobalSection(SolutionConfigurationPlatforms) = preSolution
		Debug|Any CPU = Debug|Any CPU
		Release|Any CPU = Release|Any CPU
	EndGlobalSection
	GlobalSection(ProjectConfigurationPlatforms) = postSolution
		{9D7496F9-162C-4BC4-A4A8-B43686C75E39}.Debug|Any CPU.ActiveCfg = Debug|Any CPU
		{9D7496F9-162C-4BC4-A4A8-B43686C75E39}.Debug|Any CPU.Build.0 = Debug|Any CPU
		{9D7496F9-162C-4BC4-A4A8-B43686C75E39}.Release|Any CPU.ActiveCfg = Release|Any CPU
		{9D7496F9-162C-4BC4-A4A8-B43686C75E39}.Release|Any CPU.Build.0 = Release|Any CPU
		{6584F48F-1424-4AC8-BC7A-A25E8E81A360}.Debug|Any CPU.ActiveCfg = Debug|Any CPU
		{6584F48F-1424-4AC8-BC7A-A25E8E81A360}.Debug|Any CPU.Build.0 = Debug|Any CPU
		{6584F48F-1424-4AC8-BC7A-A25E8E81A360}.Release|Any CPU.ActiveCfg = Release|Any CPU
		{6584F48F-1424-4AC8-BC7A-A25E8E81A360}.Release|Any CPU.Build.0 = Release|Any CPU
		{C06DF2D7-2B56-46D8-929C-587C0F730C23}.Debug|Any CPU.ActiveCfg = Debug|Any CPU
		{C06DF2D7-2B56-46D8-929C-587C0F730C23}.Debug|Any CPU.Build.0 = Debug|Any CPU
		{C06DF2D7-2B56-46D8-929C-587C0F730C23}.Release|Any CPU.ActiveCfg = Release|Any CPU
		{C06DF2D7-2B56-46D8-929C-587C0F730C23}.Release|Any CPU.Build.0 = Release|Any CPU
		{49CE7815-1B46-4228-9AB4-26B850D44865}.Debug|Any CPU.ActiveCfg = Debug|Any CPU
		{49CE7815-1B46-4228-9AB4-26B850D44865}.Debug|Any CPU.Build.0 = Debug|Any CPU
		{49CE7815-1B46-4228-9AB4-26B850D44865}.Release|Any CPU.ActiveCfg = Release|Any CPU
		{49CE7815-1B46-4228-9AB4-26B850D44865}.Release|Any CPU.Build.0 = Release|Any CPU
	EndGlobalSection
	GlobalSection(SolutionProperties) = preSolution
		HideSolutionNode = FALSE
	EndGlobalSection
	GlobalSection(NestedProjects) = preSolution
		{9D7496F9-162C-4BC4-A4A8-B43686C75E39} = {9A03B269-F505-43DF-8D8D-AC964CF44B5D}
		{6584F48F-1424-4AC8-BC7A-A25E8E81A360} = {9A03B269-F505-43DF-8D8D-AC964CF44B5D}
		{C06DF2D7-2B56-46D8-929C-587C0F730C23} = {7C1483C6-6E36-49F8-A7B3-6CD3F4E14D3F}
		{49CE7815-1B46-4228-9AB4-26B850D44865} = {7C1483C6-6E36-49F8-A7B3-6CD3F4E14D3F}
	EndGlobalSection
EndGlobal
